
Microsoft Visual Studio Solution File, Format Version 12.00
# Visual Studio 15
VisualStudioVersion = 15.0.26124.0
MinimumVisualStudioVersion = 15.0.26124.0
Project("{2150E333-8FDC-42A3-9474-1A3956D46DE8}") = "src", "src", "{C67392B0-EA98-442C-983B-7758E3E7AE5E}"
EndProject
Project("{2150E333-8FDC-42A3-9474-1A3956D46DE8}") = "test", "test", "{C9E1FC9B-90FE-475E-A7CA-9B001AED1C04}"
EndProject
Project("{FAE04EC0-301F-11D3-BF4B-00C04F79EFBC}") = "SFCCTools.FunctionalTests", "tests\SFCCTools.FunctionalTests\SFCCTools.FunctionalTests.csproj", "{F19CE1E3-8C62-4D19-AC95-CAA263A77EB4}"
EndProject
Project("{FAE04EC0-301F-11D3-BF4B-00C04F79EFBC}") = "SFCCTools.WebDAV", "src\SFCCTools.WebDAV\SFCCTools.WebDAV.csproj", "{5867F3CA-4416-4B44-BD25-1B9E3186992E}"
EndProject
Project("{FAE04EC0-301F-11D3-BF4B-00C04F79EFBC}") = "SFCCTools.Core", "src\SFCCTools.Core\SFCCTools.Core.csproj", "{3B833FE0-3259-4DC6-A0F2-BD62B4AD8490}"
EndProject
Project("{2150E333-8FDC-42A3-9474-1A3956D46DE8}") = "SFCCTools.Console", "SFCCTools.Console", "{57B5798E-40F8-4E56-B92D-D9355E6A3BA3}"
EndProject
Project("{FAE04EC0-301F-11D3-BF4B-00C04F79EFBC}") = "SFCCTools.CLI", "src\SFCCTools.Console\SFCCTools.CLI\SFCCTools.CLI.csproj", "{E8959BC1-9F5A-4EBB-979B-5B3B97C8AD3F}"
EndProject
Project("{FAE04EC0-301F-11D3-BF4B-00C04F79EFBC}") = "SFCCTools.Jobs", "src\SFCCTools.Console\SFCCTools.Jobs\SFCCTools.Jobs.csproj", "{AE196DC6-BA67-47B8-BBE9-EB1DB85A234A}"
EndProject
Project("{FAE04EC0-301F-11D3-BF4B-00C04F79EFBC}") = "SFCCTools.AccountManager", "src\SFCCTools.AccountManager\SFCCTools.AccountManager.csproj", "{736B02B5-F938-41E3-B9A9-94B56D31E152}"
EndProject
Project("{FAE04EC0-301F-11D3-BF4B-00C04F79EFBC}") = "SFCCTools.OCAPI", "src\SFCCTools.OCAPI\SFCCTools.OCAPI.csproj", "{370C9C6C-D92F-4A2E-828A-66701470CD8C}"
EndProject
Project("{FAE04EC0-301F-11D3-BF4B-00C04F79EFBC}") = "SFCCTools.UnitTests", "tests\SFCCTools.UnitTests\SFCCTools.UnitTests.csproj", "{87EC1587-D07F-4FD0-B6C3-E8ADE0D254F0}"
EndProject
Global
	GlobalSection(SolutionProperties) = preSolution
		HideSolutionNode = FALSE
	EndGlobalSection
	GlobalSection(SolutionConfigurationPlatforms) = preSolution
		Debug|Any CPU = Debug|Any CPU
		Debug|x64 = Debug|x64
		Debug|x86 = Debug|x86
		Release|Any CPU = Release|Any CPU
		Release|x64 = Release|x64
		Release|x86 = Release|x86
	EndGlobalSection
	GlobalSection(ProjectConfigurationPlatforms) = postSolution
		{F19CE1E3-8C62-4D19-AC95-CAA263A77EB4}.Debug|Any CPU.ActiveCfg = Debug|Any CPU
		{F19CE1E3-8C62-4D19-AC95-CAA263A77EB4}.Debug|Any CPU.Build.0 = Debug|Any CPU
		{F19CE1E3-8C62-4D19-AC95-CAA263A77EB4}.Debug|x64.ActiveCfg = Debug|Any CPU
		{F19CE1E3-8C62-4D19-AC95-CAA263A77EB4}.Debug|x64.Build.0 = Debug|Any CPU
		{F19CE1E3-8C62-4D19-AC95-CAA263A77EB4}.Debug|x86.ActiveCfg = Debug|Any CPU
		{F19CE1E3-8C62-4D19-AC95-CAA263A77EB4}.Debug|x86.Build.0 = Debug|Any CPU
		{F19CE1E3-8C62-4D19-AC95-CAA263A77EB4}.Release|Any CPU.ActiveCfg = Release|Any CPU
		{F19CE1E3-8C62-4D19-AC95-CAA263A77EB4}.Release|Any CPU.Build.0 = Release|Any CPU
		{F19CE1E3-8C62-4D19-AC95-CAA263A77EB4}.Release|x64.ActiveCfg = Release|Any CPU
		{F19CE1E3-8C62-4D19-AC95-CAA263A77EB4}.Release|x64.Build.0 = Release|Any CPU
		{F19CE1E3-8C62-4D19-AC95-CAA263A77EB4}.Release|x86.ActiveCfg = Release|Any CPU
		{F19CE1E3-8C62-4D19-AC95-CAA263A77EB4}.Release|x86.Build.0 = Release|Any CPU
		{5867F3CA-4416-4B44-BD25-1B9E3186992E}.Debug|Any CPU.ActiveCfg = Debug|Any CPU
		{5867F3CA-4416-4B44-BD25-1B9E3186992E}.Debug|Any CPU.Build.0 = Debug|Any CPU
		{5867F3CA-4416-4B44-BD25-1B9E3186992E}.Debug|x64.ActiveCfg = Debug|Any CPU
		{5867F3CA-4416-4B44-BD25-1B9E3186992E}.Debug|x64.Build.0 = Debug|Any CPU
		{5867F3CA-4416-4B44-BD25-1B9E3186992E}.Debug|x86.ActiveCfg = Debug|Any CPU
		{5867F3CA-4416-4B44-BD25-1B9E3186992E}.Debug|x86.Build.0 = Debug|Any CPU
		{5867F3CA-4416-4B44-BD25-1B9E3186992E}.Release|Any CPU.ActiveCfg = Release|Any CPU
		{5867F3CA-4416-4B44-BD25-1B9E3186992E}.Release|Any CPU.Build.0 = Release|Any CPU
		{5867F3CA-4416-4B44-BD25-1B9E3186992E}.Release|x64.ActiveCfg = Release|Any CPU
		{5867F3CA-4416-4B44-BD25-1B9E3186992E}.Release|x64.Build.0 = Release|Any CPU
		{5867F3CA-4416-4B44-BD25-1B9E3186992E}.Release|x86.ActiveCfg = Release|Any CPU
		{5867F3CA-4416-4B44-BD25-1B9E3186992E}.Release|x86.Build.0 = Release|Any CPU
		{3B833FE0-3259-4DC6-A0F2-BD62B4AD8490}.Debug|Any CPU.ActiveCfg = Debug|Any CPU
		{3B833FE0-3259-4DC6-A0F2-BD62B4AD8490}.Debug|Any CPU.Build.0 = Debug|Any CPU
		{3B833FE0-3259-4DC6-A0F2-BD62B4AD8490}.Debug|x64.ActiveCfg = Debug|Any CPU
		{3B833FE0-3259-4DC6-A0F2-BD62B4AD8490}.Debug|x64.Build.0 = Debug|Any CPU
		{3B833FE0-3259-4DC6-A0F2-BD62B4AD8490}.Debug|x86.ActiveCfg = Debug|Any CPU
		{3B833FE0-3259-4DC6-A0F2-BD62B4AD8490}.Debug|x86.Build.0 = Debug|Any CPU
		{3B833FE0-3259-4DC6-A0F2-BD62B4AD8490}.Release|Any CPU.ActiveCfg = Release|Any CPU
		{3B833FE0-3259-4DC6-A0F2-BD62B4AD8490}.Release|Any CPU.Build.0 = Release|Any CPU
		{3B833FE0-3259-4DC6-A0F2-BD62B4AD8490}.Release|x64.ActiveCfg = Release|Any CPU
		{3B833FE0-3259-4DC6-A0F2-BD62B4AD8490}.Release|x64.Build.0 = Release|Any CPU
		{3B833FE0-3259-4DC6-A0F2-BD62B4AD8490}.Release|x86.ActiveCfg = Release|Any CPU
		{3B833FE0-3259-4DC6-A0F2-BD62B4AD8490}.Release|x86.Build.0 = Release|Any CPU
		{E8959BC1-9F5A-4EBB-979B-5B3B97C8AD3F}.Debug|Any CPU.ActiveCfg = Debug|Any CPU
		{E8959BC1-9F5A-4EBB-979B-5B3B97C8AD3F}.Debug|Any CPU.Build.0 = Debug|Any CPU
		{E8959BC1-9F5A-4EBB-979B-5B3B97C8AD3F}.Debug|x64.ActiveCfg = Debug|Any CPU
		{E8959BC1-9F5A-4EBB-979B-5B3B97C8AD3F}.Debug|x64.Build.0 = Debug|Any CPU
		{E8959BC1-9F5A-4EBB-979B-5B3B97C8AD3F}.Debug|x86.ActiveCfg = Debug|Any CPU
		{E8959BC1-9F5A-4EBB-979B-5B3B97C8AD3F}.Debug|x86.Build.0 = Debug|Any CPU
		{E8959BC1-9F5A-4EBB-979B-5B3B97C8AD3F}.Release|Any CPU.ActiveCfg = Release|Any CPU
		{E8959BC1-9F5A-4EBB-979B-5B3B97C8AD3F}.Release|Any CPU.Build.0 = Release|Any CPU
		{E8959BC1-9F5A-4EBB-979B-5B3B97C8AD3F}.Release|x64.ActiveCfg = Release|Any CPU
		{E8959BC1-9F5A-4EBB-979B-5B3B97C8AD3F}.Release|x64.Build.0 = Release|Any CPU
		{E8959BC1-9F5A-4EBB-979B-5B3B97C8AD3F}.Release|x86.ActiveCfg = Release|Any CPU
		{E8959BC1-9F5A-4EBB-979B-5B3B97C8AD3F}.Release|x86.Build.0 = Release|Any CPU
		{AE196DC6-BA67-47B8-BBE9-EB1DB85A234A}.Debug|Any CPU.ActiveCfg = Debug|Any CPU
		{AE196DC6-BA67-47B8-BBE9-EB1DB85A234A}.Debug|Any CPU.Build.0 = Debug|Any CPU
		{AE196DC6-BA67-47B8-BBE9-EB1DB85A234A}.Debug|x64.ActiveCfg = Debug|Any CPU
		{AE196DC6-BA67-47B8-BBE9-EB1DB85A234A}.Debug|x64.Build.0 = Debug|Any CPU
		{AE196DC6-BA67-47B8-BBE9-EB1DB85A234A}.Debug|x86.ActiveCfg = Debug|Any CPU
		{AE196DC6-BA67-47B8-BBE9-EB1DB85A234A}.Debug|x86.Build.0 = Debug|Any CPU
		{AE196DC6-BA67-47B8-BBE9-EB1DB85A234A}.Release|Any CPU.ActiveCfg = Release|Any CPU
		{AE196DC6-BA67-47B8-BBE9-EB1DB85A234A}.Release|Any CPU.Build.0 = Release|Any CPU
		{AE196DC6-BA67-47B8-BBE9-EB1DB85A234A}.Release|x64.ActiveCfg = Release|Any CPU
		{AE196DC6-BA67-47B8-BBE9-EB1DB85A234A}.Release|x64.Build.0 = Release|Any CPU
		{AE196DC6-BA67-47B8-BBE9-EB1DB85A234A}.Release|x86.ActiveCfg = Release|Any CPU
		{AE196DC6-BA67-47B8-BBE9-EB1DB85A234A}.Release|x86.Build.0 = Release|Any CPU
		{736B02B5-F938-41E3-B9A9-94B56D31E152}.Debug|Any CPU.ActiveCfg = Debug|Any CPU
		{736B02B5-F938-41E3-B9A9-94B56D31E152}.Debug|Any CPU.Build.0 = Debug|Any CPU
		{736B02B5-F938-41E3-B9A9-94B56D31E152}.Debug|x64.ActiveCfg = Debug|Any CPU
		{736B02B5-F938-41E3-B9A9-94B56D31E152}.Debug|x64.Build.0 = Debug|Any CPU
		{736B02B5-F938-41E3-B9A9-94B56D31E152}.Debug|x86.ActiveCfg = Debug|Any CPU
		{736B02B5-F938-41E3-B9A9-94B56D31E152}.Debug|x86.Build.0 = Debug|Any CPU
		{736B02B5-F938-41E3-B9A9-94B56D31E152}.Release|Any CPU.ActiveCfg = Release|Any CPU
		{736B02B5-F938-41E3-B9A9-94B56D31E152}.Release|Any CPU.Build.0 = Release|Any CPU
		{736B02B5-F938-41E3-B9A9-94B56D31E152}.Release|x64.ActiveCfg = Release|Any CPU
		{736B02B5-F938-41E3-B9A9-94B56D31E152}.Release|x64.Build.0 = Release|Any CPU
		{736B02B5-F938-41E3-B9A9-94B56D31E152}.Release|x86.ActiveCfg = Release|Any CPU
		{736B02B5-F938-41E3-B9A9-94B56D31E152}.Release|x86.Build.0 = Release|Any CPU
		{370C9C6C-D92F-4A2E-828A-66701470CD8C}.Debug|Any CPU.ActiveCfg = Debug|Any CPU
		{370C9C6C-D92F-4A2E-828A-66701470CD8C}.Debug|Any CPU.Build.0 = Debug|Any CPU
		{370C9C6C-D92F-4A2E-828A-66701470CD8C}.Debug|x64.ActiveCfg = Debug|Any CPU
		{370C9C6C-D92F-4A2E-828A-66701470CD8C}.Debug|x64.Build.0 = Debug|Any CPU
		{370C9C6C-D92F-4A2E-828A-66701470CD8C}.Debug|x86.ActiveCfg = Debug|Any CPU
		{370C9C6C-D92F-4A2E-828A-66701470CD8C}.Debug|x86.Build.0 = Debug|Any CPU
		{370C9C6C-D92F-4A2E-828A-66701470CD8C}.Release|Any CPU.ActiveCfg = Release|Any CPU
		{370C9C6C-D92F-4A2E-828A-66701470CD8C}.Release|Any CPU.Build.0 = Release|Any CPU
		{370C9C6C-D92F-4A2E-828A-66701470CD8C}.Release|x64.ActiveCfg = Release|Any CPU
		{370C9C6C-D92F-4A2E-828A-66701470CD8C}.Release|x64.Build.0 = Release|Any CPU
		{370C9C6C-D92F-4A2E-828A-66701470CD8C}.Release|x86.ActiveCfg = Release|Any CPU
		{370C9C6C-D92F-4A2E-828A-66701470CD8C}.Release|x86.Build.0 = Release|Any CPU
		{87EC1587-D07F-4FD0-B6C3-E8ADE0D254F0}.Debug|Any CPU.ActiveCfg = Debug|Any CPU
		{87EC1587-D07F-4FD0-B6C3-E8ADE0D254F0}.Debug|Any CPU.Build.0 = Debug|Any CPU
		{87EC1587-D07F-4FD0-B6C3-E8ADE0D254F0}.Debug|x64.ActiveCfg = Debug|Any CPU
		{87EC1587-D07F-4FD0-B6C3-E8ADE0D254F0}.Debug|x64.Build.0 = Debug|Any CPU
		{87EC1587-D07F-4FD0-B6C3-E8ADE0D254F0}.Debug|x86.ActiveCfg = Debug|Any CPU
		{87EC1587-D07F-4FD0-B6C3-E8ADE0D254F0}.Debug|x86.Build.0 = Debug|Any CPU
		{87EC1587-D07F-4FD0-B6C3-E8ADE0D254F0}.Release|Any CPU.ActiveCfg = Release|Any CPU
		{87EC1587-D07F-4FD0-B6C3-E8ADE0D254F0}.Release|Any CPU.Build.0 = Release|Any CPU
		{87EC1587-D07F-4FD0-B6C3-E8ADE0D254F0}.Release|x64.ActiveCfg = Release|Any CPU
		{87EC1587-D07F-4FD0-B6C3-E8ADE0D254F0}.Release|x64.Build.0 = Release|Any CPU
		{87EC1587-D07F-4FD0-B6C3-E8ADE0D254F0}.Release|x86.ActiveCfg = Release|Any CPU
		{87EC1587-D07F-4FD0-B6C3-E8ADE0D254F0}.Release|x86.Build.0 = Release|Any CPU
	EndGlobalSection
	GlobalSection(NestedProjects) = preSolution
		{F19CE1E3-8C62-4D19-AC95-CAA263A77EB4} = {C9E1FC9B-90FE-475E-A7CA-9B001AED1C04}
		{5867F3CA-4416-4B44-BD25-1B9E3186992E} = {C67392B0-EA98-442C-983B-7758E3E7AE5E}
		{3B833FE0-3259-4DC6-A0F2-BD62B4AD8490} = {C67392B0-EA98-442C-983B-7758E3E7AE5E}
		{57B5798E-40F8-4E56-B92D-D9355E6A3BA3} = {C67392B0-EA98-442C-983B-7758E3E7AE5E}
		{E8959BC1-9F5A-4EBB-979B-5B3B97C8AD3F} = {57B5798E-40F8-4E56-B92D-D9355E6A3BA3}
		{AE196DC6-BA67-47B8-BBE9-EB1DB85A234A} = {57B5798E-40F8-4E56-B92D-D9355E6A3BA3}
		{736B02B5-F938-41E3-B9A9-94B56D31E152} = {C67392B0-EA98-442C-983B-7758E3E7AE5E}
		{370C9C6C-D92F-4A2E-828A-66701470CD8C} = {C67392B0-EA98-442C-983B-7758E3E7AE5E}
		{87EC1587-D07F-4FD0-B6C3-E8ADE0D254F0} = {C9E1FC9B-90FE-475E-A7CA-9B001AED1C04}
	EndGlobalSection
EndGlobal
